
Microsoft Visual Studio Solution File, Format Version 12.00
Project("{2150E333-8FDC-42A3-9474-1A3956D46DE8}") = "CQRS-ES", "CQRS-ES", "{0E92C290-A9AF-4A60-A7C0-EB49F1E35896}"
EndProject
Project("{2150E333-8FDC-42A3-9474-1A3956D46DE8}") = "SM-Post", "SM-Post", "{B511039F-02AC-450C-87CB-36AE3558E660}"
EndProject
Project("{FAE04EC0-301F-11D3-BF4B-00C04F79EFBC}") = "CQRS.Core", "CQRS.Core\CQRS.Core.csproj", "{15469313-8661-4AEF-9317-AC179234656C}"
EndProject
Project("{2150E333-8FDC-42A3-9474-1A3956D46DE8}") = "Post.Cmd", "Post.Cmd", "{3717DE11-2A3E-4A17-83EB-28569F1F0D35}"
EndProject
Project("{2150E333-8FDC-42A3-9474-1A3956D46DE8}") = "Post.Query", "Post.Query", "{C2D0038D-C63B-46E4-BBC7-37BB075F53BA}"
EndProject
Project("{FAE04EC0-301F-11D3-BF4B-00C04F79EFBC}") = "Post.Cmd.Api", "Post.Cmd.Api\Post.Cmd.Api.csproj", "{D216866D-03D0-4C67-B0E4-73B9B2FFA772}"
EndProject
Project("{FAE04EC0-301F-11D3-BF4B-00C04F79EFBC}") = "Post.Cmd.Domain", "Post.Cmd.Domain\Post.Cmd.Domain.csproj", "{83647C1B-F775-4241-B8F5-AC9AFC78813A}"
EndProject
Project("{FAE04EC0-301F-11D3-BF4B-00C04F79EFBC}") = "Post.Cmd.Infrastructure", "Post.Cmd.Infrastructure\Post.Cmd.Infrastructure.csproj", "{C34BFF6C-5245-4246-9FD0-04B25F0B85B6}"
EndProject
Project("{FAE04EC0-301F-11D3-BF4B-00C04F79EFBC}") = "Post.Query.Api", "Post.Query.Api\Post.Query.Api.csproj", "{61E82A2B-A12B-4301-B52C-F010B9168155}"
EndProject
Project("{FAE04EC0-301F-11D3-BF4B-00C04F79EFBC}") = "Post.Query.Domain", "Post.Query.Domain\Post.Query.Domain.csproj", "{39B5A1C5-A8C7-41F9-8C39-FCDC417EAB2C}"
EndProject
Project("{FAE04EC0-301F-11D3-BF4B-00C04F79EFBC}") = "Post.Query.Infrastructure", "Post.Query.Infrastructure\Post.Query.Infrastructure.csproj", "{A5482E54-FB71-4EB0-A5CC-A119D302C368}"
EndProject
Project("{FAE04EC0-301F-11D3-BF4B-00C04F79EFBC}") = "Post.Common", "Post.Common\Post.Common.csproj", "{27B6F0C6-261C-4192-A8D2-6D24FD5E2EEA}"
EndProject
Global
	GlobalSection(SolutionConfigurationPlatforms) = preSolution
		Debug|Any CPU = Debug|Any CPU
		Release|Any CPU = Release|Any CPU
	EndGlobalSection
	GlobalSection(NestedProjects) = preSolution
		{15469313-8661-4AEF-9317-AC179234656C} = {0E92C290-A9AF-4A60-A7C0-EB49F1E35896}
		{3717DE11-2A3E-4A17-83EB-28569F1F0D35} = {B511039F-02AC-450C-87CB-36AE3558E660}
		{C2D0038D-C63B-46E4-BBC7-37BB075F53BA} = {B511039F-02AC-450C-87CB-36AE3558E660}
		{D216866D-03D0-4C67-B0E4-73B9B2FFA772} = {3717DE11-2A3E-4A17-83EB-28569F1F0D35}
		{83647C1B-F775-4241-B8F5-AC9AFC78813A} = {3717DE11-2A3E-4A17-83EB-28569F1F0D35}
		{C34BFF6C-5245-4246-9FD0-04B25F0B85B6} = {3717DE11-2A3E-4A17-83EB-28569F1F0D35}
		{61E82A2B-A12B-4301-B52C-F010B9168155} = {C2D0038D-C63B-46E4-BBC7-37BB075F53BA}
		{39B5A1C5-A8C7-41F9-8C39-FCDC417EAB2C} = {C2D0038D-C63B-46E4-BBC7-37BB075F53BA}
		{A5482E54-FB71-4EB0-A5CC-A119D302C368} = {C2D0038D-C63B-46E4-BBC7-37BB075F53BA}
		{27B6F0C6-261C-4192-A8D2-6D24FD5E2EEA} = {B511039F-02AC-450C-87CB-36AE3558E660}
	EndGlobalSection
	GlobalSection(ProjectConfigurationPlatforms) = postSolution
		{15469313-8661-4AEF-9317-AC179234656C}.Debug|Any CPU.ActiveCfg = Debug|Any CPU
		{15469313-8661-4AEF-9317-AC179234656C}.Debug|Any CPU.Build.0 = Debug|Any CPU
		{15469313-8661-4AEF-9317-AC179234656C}.Release|Any CPU.ActiveCfg = Release|Any CPU
		{15469313-8661-4AEF-9317-AC179234656C}.Release|Any CPU.Build.0 = Release|Any CPU
		{D216866D-03D0-4C67-B0E4-73B9B2FFA772}.Debug|Any CPU.ActiveCfg = Debug|Any CPU
		{D216866D-03D0-4C67-B0E4-73B9B2FFA772}.Debug|Any CPU.Build.0 = Debug|Any CPU
		{D216866D-03D0-4C67-B0E4-73B9B2FFA772}.Release|Any CPU.ActiveCfg = Release|Any CPU
		{D216866D-03D0-4C67-B0E4-73B9B2FFA772}.Release|Any CPU.Build.0 = Release|Any CPU
		{83647C1B-F775-4241-B8F5-AC9AFC78813A}.Debug|Any CPU.ActiveCfg = Debug|Any CPU
		{83647C1B-F775-4241-B8F5-AC9AFC78813A}.Debug|Any CPU.Build.0 = Debug|Any CPU
		{83647C1B-F775-4241-B8F5-AC9AFC78813A}.Release|Any CPU.ActiveCfg = Release|Any CPU
		{83647C1B-F775-4241-B8F5-AC9AFC78813A}.Release|Any CPU.Build.0 = Release|Any CPU
		{C34BFF6C-5245-4246-9FD0-04B25F0B85B6}.Debug|Any CPU.ActiveCfg = Debug|Any CPU
		{C34BFF6C-5245-4246-9FD0-04B25F0B85B6}.Debug|Any CPU.Build.0 = Debug|Any CPU
		{C34BFF6C-5245-4246-9FD0-04B25F0B85B6}.Release|Any CPU.ActiveCfg = Release|Any CPU
		{C34BFF6C-5245-4246-9FD0-04B25F0B85B6}.Release|Any CPU.Build.0 = Release|Any CPU
		{61E82A2B-A12B-4301-B52C-F010B9168155}.Debug|Any CPU.ActiveCfg = Debug|Any CPU
		{61E82A2B-A12B-4301-B52C-F010B9168155}.Debug|Any CPU.Build.0 = Debug|Any CPU
		{61E82A2B-A12B-4301-B52C-F010B9168155}.Release|Any CPU.ActiveCfg = Release|Any CPU
		{61E82A2B-A12B-4301-B52C-F010B9168155}.Release|Any CPU.Build.0 = Release|Any CPU
		{39B5A1C5-A8C7-41F9-8C39-FCDC417EAB2C}.Debug|Any CPU.ActiveCfg = Debug|Any CPU
		{39B5A1C5-A8C7-41F9-8C39-FCDC417EAB2C}.Debug|Any CPU.Build.0 = Debug|Any CPU
		{39B5A1C5-A8C7-41F9-8C39-FCDC417EAB2C}.Release|Any CPU.ActiveCfg = Release|Any CPU
		{39B5A1C5-A8C7-41F9-8C39-FCDC417EAB2C}.Release|Any CPU.Build.0 = Release|Any CPU
		{A5482E54-FB71-4EB0-A5CC-A119D302C368}.Debug|Any CPU.ActiveCfg = Debug|Any CPU
		{A5482E54-FB71-4EB0-A5CC-A119D302C368}.Debug|Any CPU.Build.0 = Debug|Any CPU
		{A5482E54-FB71-4EB0-A5CC-A119D302C368}.Release|Any CPU.ActiveCfg = Release|Any CPU
		{A5482E54-FB71-4EB0-A5CC-A119D302C368}.Release|Any CPU.Build.0 = Release|Any CPU
		{27B6F0C6-261C-4192-A8D2-6D24FD5E2EEA}.Debug|Any CPU.ActiveCfg = Debug|Any CPU
		{27B6F0C6-261C-4192-A8D2-6D24FD5E2EEA}.Debug|Any CPU.Build.0 = Debug|Any CPU
		{27B6F0C6-261C-4192-A8D2-6D24FD5E2EEA}.Release|Any CPU.ActiveCfg = Release|Any CPU
		{27B6F0C6-261C-4192-A8D2-6D24FD5E2EEA}.Release|Any CPU.Build.0 = Release|Any CPU
	EndGlobalSection
EndGlobal
